
Microsoft Visual Studio Solution File, Format Version 12.00
# Visual Studio Version 17
VisualStudioVersion = 17.1.32319.34
MinimumVisualStudioVersion = 10.0.40219.1
Project("{9A19103F-16F7-4668-BE54-9A1E7A4F7556}") = "ByteBank", "ByteBank\ByteBank.csproj", "{19F1338E-6BA4-45E6-9A04-E4CA048936FD}"
EndProject
Project("{9A19103F-16F7-4668-BE54-9A1E7A4F7556}") = "Challenge01", "Challenge01\Challenge01.csproj", "{72D3B70A-5814-4617-A126-BADF455E862F}"
EndProject
Project("{9A19103F-16F7-4668-BE54-9A1E7A4F7556}") = "Challenge02", "Challenge02\Challenge02.csproj", "{6325A11A-D66D-4164-90C0-3F8981E2C70F}"
EndProject
Project("{9A19103F-16F7-4668-BE54-9A1E7A4F7556}") = "Challenge03", "Challenge03\Challenge03.csproj", "{2332271D-EA72-4F89-8F5E-FDD8CF0E2AE4}"
EndProject
Project("{9A19103F-16F7-4668-BE54-9A1E7A4F7556}") = "Challenge04", "Challenge04\Challenge04.csproj", "{EE605E63-56B7-4228-ADD2-00A97ED04822}"
EndProject
Project("{9A19103F-16F7-4668-BE54-9A1E7A4F7556}") = "ByteBank2", "ByteBank2\ByteBank2.csproj", "{7108E0B3-2009-4692-88B7-E65BFC604779}"
EndProject
Project("{9A19103F-16F7-4668-BE54-9A1E7A4F7556}") = "Challenge05", "Challenge05\Challenge05.csproj", "{CE54958E-466C-4C3B-9DE3-1B250CCC24F7}"
EndProject
Project("{FAE04EC0-301F-11D3-BF4B-00C04F79EFBC}") = "ByteBank3", "ByteBank03\ByteBank3.csproj", "{86121D8A-AE21-4633-B375-43231C2A8286}"
EndProject
Global
	GlobalSection(SolutionConfigurationPlatforms) = preSolution
		Debug|Any CPU = Debug|Any CPU
		Release|Any CPU = Release|Any CPU
	EndGlobalSection
	GlobalSection(ProjectConfigurationPlatforms) = postSolution
		{19F1338E-6BA4-45E6-9A04-E4CA048936FD}.Debug|Any CPU.ActiveCfg = Debug|Any CPU
		{19F1338E-6BA4-45E6-9A04-E4CA048936FD}.Debug|Any CPU.Build.0 = Debug|Any CPU
		{19F1338E-6BA4-45E6-9A04-E4CA048936FD}.Release|Any CPU.ActiveCfg = Release|Any CPU
		{19F1338E-6BA4-45E6-9A04-E4CA048936FD}.Release|Any CPU.Build.0 = Release|Any CPU
		{72D3B70A-5814-4617-A126-BADF455E862F}.Debug|Any CPU.ActiveCfg = Debug|Any CPU
		{72D3B70A-5814-4617-A126-BADF455E862F}.Debug|Any CPU.Build.0 = Debug|Any CPU
		{72D3B70A-5814-4617-A126-BADF455E862F}.Release|Any CPU.ActiveCfg = Release|Any CPU
		{72D3B70A-5814-4617-A126-BADF455E862F}.Release|Any CPU.Build.0 = Release|Any CPU
		{6325A11A-D66D-4164-90C0-3F8981E2C70F}.Debug|Any CPU.ActiveCfg = Debug|Any CPU
		{6325A11A-D66D-4164-90C0-3F8981E2C70F}.Debug|Any CPU.Build.0 = Debug|Any CPU
		{6325A11A-D66D-4164-90C0-3F8981E2C70F}.Release|Any CPU.ActiveCfg = Release|Any CPU
		{6325A11A-D66D-4164-90C0-3F8981E2C70F}.Release|Any CPU.Build.0 = Release|Any CPU
		{2332271D-EA72-4F89-8F5E-FDD8CF0E2AE4}.Debug|Any CPU.ActiveCfg = Debug|Any CPU
		{2332271D-EA72-4F89-8F5E-FDD8CF0E2AE4}.Debug|Any CPU.Build.0 = Debug|Any CPU
		{2332271D-EA72-4F89-8F5E-FDD8CF0E2AE4}.Release|Any CPU.ActiveCfg = Release|Any CPU
		{2332271D-EA72-4F89-8F5E-FDD8CF0E2AE4}.Release|Any CPU.Build.0 = Release|Any CPU
		{EE605E63-56B7-4228-ADD2-00A97ED04822}.Debug|Any CPU.ActiveCfg = Debug|Any CPU
		{EE605E63-56B7-4228-ADD2-00A97ED04822}.Debug|Any CPU.Build.0 = Debug|Any CPU
		{EE605E63-56B7-4228-ADD2-00A97ED04822}.Release|Any CPU.ActiveCfg = Release|Any CPU
		{EE605E63-56B7-4228-ADD2-00A97ED04822}.Release|Any CPU.Build.0 = Release|Any CPU
		{7108E0B3-2009-4692-88B7-E65BFC604779}.Debug|Any CPU.ActiveCfg = Debug|Any CPU
		{7108E0B3-2009-4692-88B7-E65BFC604779}.Debug|Any CPU.Build.0 = Debug|Any CPU
		{7108E0B3-2009-4692-88B7-E65BFC604779}.Release|Any CPU.ActiveCfg = Release|Any CPU
		{7108E0B3-2009-4692-88B7-E65BFC604779}.Release|Any CPU.Build.0 = Release|Any CPU
		{CE54958E-466C-4C3B-9DE3-1B250CCC24F7}.Debug|Any CPU.ActiveCfg = Debug|Any CPU
		{CE54958E-466C-4C3B-9DE3-1B250CCC24F7}.Debug|Any CPU.Build.0 = Debug|Any CPU
		{CE54958E-466C-4C3B-9DE3-1B250CCC24F7}.Release|Any CPU.ActiveCfg = Release|Any CPU
		{CE54958E-466C-4C3B-9DE3-1B250CCC24F7}.Release|Any CPU.Build.0 = Release|Any CPU
		{86121D8A-AE21-4633-B375-43231C2A8286}.Debug|Any CPU.ActiveCfg = Debug|Any CPU
		{86121D8A-AE21-4633-B375-43231C2A8286}.Debug|Any CPU.Build.0 = Debug|Any CPU
		{86121D8A-AE21-4633-B375-43231C2A8286}.Release|Any CPU.ActiveCfg = Release|Any CPU
		{86121D8A-AE21-4633-B375-43231C2A8286}.Release|Any CPU.Build.0 = Release|Any CPU
	EndGlobalSection
	GlobalSection(SolutionProperties) = preSolution
		HideSolutionNode = FALSE
	EndGlobalSection
	GlobalSection(ExtensibilityGlobals) = postSolution
		SolutionGuid = {B7FA7BEE-6A51-4326-9642-8461E83A99B0}
	EndGlobalSection
EndGlobal
